{
    "_meta": {
        "hash": {
            "sha256": "ea11c0cd0d24b03879c1b64129ed92c06282bc6a2bca7103b0ebea682e15483e"
        },
        "pipfile-spec": 6,
        "requires": {
            "python_version": "3.8"
        },
        "sources": [
            {
                "name": "pypi",
                "url": "https://pypi.org/simple",
                "verify_ssl": true
            }
        ]
    },
    "default": {},
    "develop": {}
}
